
Microsoft Visual Studio Solution File, Format Version 12.00
# Visual Studio Version 17
VisualStudioVersion = 17.13.35825.156 d17.13
MinimumVisualStudioVersion = 10.0.40219.1
Project("{FAE04EC0-301F-11D3-BF4B-00C04F79EFBC}") = "Lista_enlazada_simple", "Lista_enlazada_simple.csproj", "{7DF1E402-BF18-4872-868E-B18453D6A518}"
EndProject
Global
	GlobalSection(SolutionConfigurationPlatforms) = preSolution
		Debug|Any CPU = Debug|Any CPU
		Release|Any CPU = Release|Any CPU
	EndGlobalSection
	GlobalSection(ProjectConfigurationPlatforms) = postSolution
		{7DF1E402-BF18-4872-868E-B18453D6A518}.Debug|Any CPU.ActiveCfg = Debug|Any CPU
		{7DF1E402-BF18-4872-868E-B18453D6A518}.Debug|Any CPU.Build.0 = Debug|Any CPU
		{7DF1E402-BF18-4872-868E-B18453D6A518}.Release|Any CPU.ActiveCfg = Release|Any CPU
		{7DF1E402-BF18-4872-868E-B18453D6A518}.Release|Any CPU.Build.0 = Release|Any CPU
	EndGlobalSection
	GlobalSection(SolutionProperties) = preSolution
		HideSolutionNode = FALSE
	EndGlobalSection
	GlobalSection(ExtensibilityGlobals) = postSolution
		SolutionGuid = {2E4C5AD9-1C6E-4D25-AF62-A746024D5D49}
	EndGlobalSection
EndGlobal
